
Microsoft Visual Studio Solution File, Format Version 12.00
# Visual Studio Version 17
VisualStudioVersion = 17.9.34622.214
MinimumVisualStudioVersion = 10.0.40219.1
Project("{FAE04EC0-301F-11D3-BF4B-00C04F79EFBC}") = "CodeFirstApproachCrud", "CodeFirstApproachCrud\CodeFirstApproachCrud.csproj", "{C9E676C5-8111-4548-B05C-FF571A3C838C}"
EndProject
Global
	GlobalSection(SolutionConfigurationPlatforms) = preSolution
		Debug|Any CPU = Debug|Any CPU
		Release|Any CPU = Release|Any CPU
	EndGlobalSection
	GlobalSection(ProjectConfigurationPlatforms) = postSolution
		{C9E676C5-8111-4548-B05C-FF571A3C838C}.Debug|Any CPU.ActiveCfg = Debug|Any CPU
		{C9E676C5-8111-4548-B05C-FF571A3C838C}.Debug|Any CPU.Build.0 = Debug|Any CPU
		{C9E676C5-8111-4548-B05C-FF571A3C838C}.Release|Any CPU.ActiveCfg = Release|Any CPU
		{C9E676C5-8111-4548-B05C-FF571A3C838C}.Release|Any CPU.Build.0 = Release|Any CPU
	EndGlobalSection
	GlobalSection(SolutionProperties) = preSolution
		HideSolutionNode = FALSE
	EndGlobalSection
	GlobalSection(ExtensibilityGlobals) = postSolution
		SolutionGuid = {DE8837BA-5101-47D7-B1AD-6095743F2266}
	EndGlobalSection
EndGlobal
